
Microsoft Visual Studio Solution File, Format Version 12.00
# Visual Studio 15
VisualStudioVersion = 15.0.28307.2092
MinimumVisualStudioVersion = 10.0.40219.1
Project("{8BC9CEB8-8B4A-11D0-8D11-00A0C91BC942}") = "PdfToOfficeAppModule", "PdfToOfficeAppModule\PdfToOfficeAppModule.vcxproj", "{2DB91959-A51F-4409-BD06-16E4187F48D6}"
	ProjectSection(ProjectDependencies) = postProject
		{6B57FC57-F57B-4E30-AF44-662FFD7D3BFE} = {6B57FC57-F57B-4E30-AF44-662FFD7D3BFE}
	EndProjectSection
EndProject
Project("{FAE04EC0-301F-11D3-BF4B-00C04F79EFBC}") = "PdfToOfficeApp", "PdfToOfficeApp\PdfToOfficeApp.csproj", "{D4F7AD7B-170F-4673-B3C8-09DF565B0778}"
EndProject
Project("{8BC9CEB8-8B4A-11D0-8D11-00A0C91BC942}") = "PdfToOfficeLib", "PdfToOfficeLib\PdfToOfficeLib.vcxproj", "{6B57FC57-F57B-4E30-AF44-662FFD7D3BFE}"
EndProject
Global
	GlobalSection(SolutionConfigurationPlatforms) = preSolution
		Debug|x86 = Debug|x86
		Release|x86 = Release|x86
	EndGlobalSection
	GlobalSection(ProjectConfigurationPlatforms) = postSolution
		{2DB91959-A51F-4409-BD06-16E4187F48D6}.Debug|x86.ActiveCfg = Debug|Win32
		{2DB91959-A51F-4409-BD06-16E4187F48D6}.Debug|x86.Build.0 = Debug|Win32
		{2DB91959-A51F-4409-BD06-16E4187F48D6}.Release|x86.ActiveCfg = Release|Win32
		{2DB91959-A51F-4409-BD06-16E4187F48D6}.Release|x86.Build.0 = Release|Win32
		{D4F7AD7B-170F-4673-B3C8-09DF565B0778}.Debug|x86.ActiveCfg = Debug|x86
		{D4F7AD7B-170F-4673-B3C8-09DF565B0778}.Debug|x86.Build.0 = Debug|x86
		{D4F7AD7B-170F-4673-B3C8-09DF565B0778}.Release|x86.ActiveCfg = Release|x86
		{D4F7AD7B-170F-4673-B3C8-09DF565B0778}.Release|x86.Build.0 = Release|x86
		{6B57FC57-F57B-4E30-AF44-662FFD7D3BFE}.Debug|x86.ActiveCfg = Debug|Win32
		{6B57FC57-F57B-4E30-AF44-662FFD7D3BFE}.Debug|x86.Build.0 = Debug|Win32
		{6B57FC57-F57B-4E30-AF44-662FFD7D3BFE}.Release|x86.ActiveCfg = Release|Win32
		{6B57FC57-F57B-4E30-AF44-662FFD7D3BFE}.Release|x86.Build.0 = Release|Win32
	EndGlobalSection
	GlobalSection(SolutionProperties) = preSolution
		HideSolutionNode = FALSE
	EndGlobalSection
	GlobalSection(ExtensibilityGlobals) = postSolution
		SolutionGuid = {CE87E93C-609B-4D05-B0A7-BC90A2C364FA}
	EndGlobalSection
EndGlobal
