
Microsoft Visual Studio Solution File, Format Version 12.00
# Visual Studio Version 17
VisualStudioVersion = 17.3.32929.385
MinimumVisualStudioVersion = 10.0.40219.1
Project("{8BC9CEB8-8B4A-11D0-8D11-00A0C91BC942}") = "PdfToOfficeAppModule", "PdfToOfficeAppModule\PdfToOfficeAppModule.vcxproj", "{2DB91959-A51F-4409-BD06-16E4187F48D6}"
	ProjectSection(ProjectDependencies) = postProject
		{6B57FC57-F57B-4E30-AF44-662FFD7D3BFE} = {6B57FC57-F57B-4E30-AF44-662FFD7D3BFE}
	EndProjectSection
EndProject
Project("{FAE04EC0-301F-11D3-BF4B-00C04F79EFBC}") = "PdfToOfficeApp", "PdfToOfficeApp\PdfToOfficeApp.csproj", "{D4F7AD7B-170F-4673-B3C8-09DF565B0778}"
EndProject
Project("{8BC9CEB8-8B4A-11D0-8D11-00A0C91BC942}") = "PdfToOfficeLib", "PdfToOfficeLib\PdfToOfficeLib.vcxproj", "{6B57FC57-F57B-4E30-AF44-662FFD7D3BFE}"
EndProject
Project("{2150E333-8FDC-42A3-9474-1A3956D46DE8}") = "1. UI", "1. UI", "{EF2FD3A1-7970-4541-B4BD-E77FE4C12F47}"
EndProject
Project("{2150E333-8FDC-42A3-9474-1A3956D46DE8}") = "2. CLI", "2. CLI", "{FCE60C47-9295-40D2-BDD9-6DB30C94D347}"
EndProject
Project("{2150E333-8FDC-42A3-9474-1A3956D46DE8}") = "3. Engine", "3. Engine", "{5E9F971A-1B90-4379-9BBB-81817D5A2206}"
EndProject
Project("{FAE04EC0-301F-11D3-BF4B-00C04F79EFBC}") = "PdfToOfficeUnitTest", "PdfToOfficeUnitTest\PdfToOfficeUnitTest.csproj", "{44702C79-24F3-440C-9078-D5F86BAD844F}"
EndProject
Project("{2150E333-8FDC-42A3-9474-1A3956D46DE8}") = "4. Lab", "4. Lab", "{EF466F0A-9D9D-4076-A3E2-8C63DE01FC6D}"
EndProject
Project("{FAE04EC0-301F-11D3-BF4B-00C04F79EFBC}") = "GgomiLab", "GgomiLab\GgomiLab.csproj", "{2A194581-4DD6-4098-8C0E-FF017687430A}"
EndProject
Global
	GlobalSection(SolutionConfigurationPlatforms) = preSolution
		Debug|x86 = Debug|x86
		Release|x86 = Release|x86
	EndGlobalSection
	GlobalSection(ProjectConfigurationPlatforms) = postSolution
		{2DB91959-A51F-4409-BD06-16E4187F48D6}.Debug|x86.ActiveCfg = Debug|Win32
		{2DB91959-A51F-4409-BD06-16E4187F48D6}.Debug|x86.Build.0 = Debug|Win32
		{2DB91959-A51F-4409-BD06-16E4187F48D6}.Release|x86.ActiveCfg = Release|Win32
		{2DB91959-A51F-4409-BD06-16E4187F48D6}.Release|x86.Build.0 = Release|Win32
		{D4F7AD7B-170F-4673-B3C8-09DF565B0778}.Debug|x86.ActiveCfg = Debug|x86
		{D4F7AD7B-170F-4673-B3C8-09DF565B0778}.Debug|x86.Build.0 = Debug|x86
		{D4F7AD7B-170F-4673-B3C8-09DF565B0778}.Release|x86.ActiveCfg = Release|x86
		{D4F7AD7B-170F-4673-B3C8-09DF565B0778}.Release|x86.Build.0 = Release|x86
		{6B57FC57-F57B-4E30-AF44-662FFD7D3BFE}.Debug|x86.ActiveCfg = Debug|Win32
		{6B57FC57-F57B-4E30-AF44-662FFD7D3BFE}.Debug|x86.Build.0 = Debug|Win32
		{6B57FC57-F57B-4E30-AF44-662FFD7D3BFE}.Release|x86.ActiveCfg = Release|Win32
		{6B57FC57-F57B-4E30-AF44-662FFD7D3BFE}.Release|x86.Build.0 = Release|Win32
		{44702C79-24F3-440C-9078-D5F86BAD844F}.Debug|x86.ActiveCfg = Debug|x86
		{44702C79-24F3-440C-9078-D5F86BAD844F}.Debug|x86.Build.0 = Debug|x86
		{44702C79-24F3-440C-9078-D5F86BAD844F}.Release|x86.ActiveCfg = Release|x86
		{44702C79-24F3-440C-9078-D5F86BAD844F}.Release|x86.Build.0 = Release|x86
		{2A194581-4DD6-4098-8C0E-FF017687430A}.Debug|x86.ActiveCfg = Debug|x86
		{2A194581-4DD6-4098-8C0E-FF017687430A}.Debug|x86.Build.0 = Debug|x86
		{2A194581-4DD6-4098-8C0E-FF017687430A}.Release|x86.ActiveCfg = Release|x86
		{2A194581-4DD6-4098-8C0E-FF017687430A}.Release|x86.Build.0 = Release|x86
	EndGlobalSection
	GlobalSection(SolutionProperties) = preSolution
		HideSolutionNode = FALSE
	EndGlobalSection
	GlobalSection(NestedProjects) = preSolution
		{2DB91959-A51F-4409-BD06-16E4187F48D6} = {FCE60C47-9295-40D2-BDD9-6DB30C94D347}
		{D4F7AD7B-170F-4673-B3C8-09DF565B0778} = {EF2FD3A1-7970-4541-B4BD-E77FE4C12F47}
		{6B57FC57-F57B-4E30-AF44-662FFD7D3BFE} = {5E9F971A-1B90-4379-9BBB-81817D5A2206}
		{44702C79-24F3-440C-9078-D5F86BAD844F} = {EF2FD3A1-7970-4541-B4BD-E77FE4C12F47}
		{2A194581-4DD6-4098-8C0E-FF017687430A} = {EF466F0A-9D9D-4076-A3E2-8C63DE01FC6D}
	EndGlobalSection
	GlobalSection(ExtensibilityGlobals) = postSolution
		SolutionGuid = {CE87E93C-609B-4D05-B0A7-BC90A2C364FA}
	EndGlobalSection
EndGlobal
